
Microsoft Visual Studio Solution File, Format Version 12.00
# Visual Studio Version 17
VisualStudioVersion = 17.0.32014.148
MinimumVisualStudioVersion = 10.0.40219.1
Project("{FAE04EC0-301F-11D3-BF4B-00C04F79EFBC}") = "Kursachi", "Kursachi\Kursachi.csproj", "{702B64E6-A1C9-4F6B-B554-9A00D5FB70FA}"
EndProject
Global
	GlobalSection(SolutionConfigurationPlatforms) = preSolution
		Debug|Any CPU = Debug|Any CPU
		Release|Any CPU = Release|Any CPU
	EndGlobalSection
	GlobalSection(ProjectConfigurationPlatforms) = postSolution
		{702B64E6-A1C9-4F6B-B554-9A00D5FB70FA}.Debug|Any CPU.ActiveCfg = Debug|Any CPU
		{702B64E6-A1C9-4F6B-B554-9A00D5FB70FA}.Debug|Any CPU.Build.0 = Debug|Any CPU
		{702B64E6-A1C9-4F6B-B554-9A00D5FB70FA}.Release|Any CPU.ActiveCfg = Release|Any CPU
		{702B64E6-A1C9-4F6B-B554-9A00D5FB70FA}.Release|Any CPU.Build.0 = Release|Any CPU
	EndGlobalSection
	GlobalSection(SolutionProperties) = preSolution
		HideSolutionNode = FALSE
	EndGlobalSection
	GlobalSection(ExtensibilityGlobals) = postSolution
		SolutionGuid = {54E4EAAC-BB6E-45E1-B6C8-65CEFFA415FB}
	EndGlobalSection
EndGlobal
